
Microsoft Visual Studio Solution File, Format Version 12.00
# Visual Studio 15
Project("{FAE04EC0-301F-11D3-BF4B-00C04F79EFBC}") = "Assembly-CSharp", "Assembly-CSharp.csproj", "{2652F375-FE69-5EBD-71BA-13708E8D736E}"
EndProject
Project("{FAE04EC0-301F-11D3-BF4B-00C04F79EFBC}") = "FMODUnityResonanceEditor", "FMODUnityResonanceEditor.csproj", "{43A26ED7-0F5C-7475-772E-64522DD9BFF3}"
EndProject
Project("{FAE04EC0-301F-11D3-BF4B-00C04F79EFBC}") = "FMODUnityEditor", "FMODUnityEditor.csproj", "{6DB05F09-E4A1-A66B-14E9-123EA7BA2363}"
EndProject
Project("{FAE04EC0-301F-11D3-BF4B-00C04F79EFBC}") = "FMODUnity", "FMODUnity.csproj", "{E3F51E7C-3AFD-B2CC-1376-E15A6E5B24E2}"
EndProject
Project("{FAE04EC0-301F-11D3-BF4B-00C04F79EFBC}") = "FMODUnityHaptics", "FMODUnityHaptics.csproj", "{555DF34A-202D-DEDC-BA46-2F150523A7D7}"
EndProject
Project("{FAE04EC0-301F-11D3-BF4B-00C04F79EFBC}") = "FMODUnityResonance", "FMODUnityResonance.csproj", "{315F55D3-8636-54D4-0AB9-B03B2CC28C3F}"
EndProject
Project("{FAE04EC0-301F-11D3-BF4B-00C04F79EFBC}") = "Assembly-CSharp-Editor", "Assembly-CSharp-Editor.csproj", "{EC5A2D2F-11ED-873B-CB1D-E194F2BE54EC}"
EndProject
Global
	GlobalSection(SolutionConfigurationPlatforms) = preSolution
		Debug|Any CPU = Debug|Any CPU
		Release|Any CPU = Release|Any CPU
	EndGlobalSection
	GlobalSection(ProjectConfigurationPlatforms) = postSolution
		{2652F375-FE69-5EBD-71BA-13708E8D736E}.Debug|Any CPU.ActiveCfg = Debug|Any CPU
		{2652F375-FE69-5EBD-71BA-13708E8D736E}.Debug|Any CPU.Build.0 = Debug|Any CPU
		{2652F375-FE69-5EBD-71BA-13708E8D736E}.Release|Any CPU.ActiveCfg = Release|Any CPU
		{2652F375-FE69-5EBD-71BA-13708E8D736E}.Release|Any CPU.Build.0 = Release|Any CPU
		{43A26ED7-0F5C-7475-772E-64522DD9BFF3}.Debug|Any CPU.ActiveCfg = Debug|Any CPU
		{43A26ED7-0F5C-7475-772E-64522DD9BFF3}.Debug|Any CPU.Build.0 = Debug|Any CPU
		{43A26ED7-0F5C-7475-772E-64522DD9BFF3}.Release|Any CPU.ActiveCfg = Release|Any CPU
		{43A26ED7-0F5C-7475-772E-64522DD9BFF3}.Release|Any CPU.Build.0 = Release|Any CPU
		{6DB05F09-E4A1-A66B-14E9-123EA7BA2363}.Debug|Any CPU.ActiveCfg = Debug|Any CPU
		{6DB05F09-E4A1-A66B-14E9-123EA7BA2363}.Debug|Any CPU.Build.0 = Debug|Any CPU
		{6DB05F09-E4A1-A66B-14E9-123EA7BA2363}.Release|Any CPU.ActiveCfg = Release|Any CPU
		{6DB05F09-E4A1-A66B-14E9-123EA7BA2363}.Release|Any CPU.Build.0 = Release|Any CPU
		{E3F51E7C-3AFD-B2CC-1376-E15A6E5B24E2}.Debug|Any CPU.ActiveCfg = Debug|Any CPU
		{E3F51E7C-3AFD-B2CC-1376-E15A6E5B24E2}.Debug|Any CPU.Build.0 = Debug|Any CPU
		{E3F51E7C-3AFD-B2CC-1376-E15A6E5B24E2}.Release|Any CPU.ActiveCfg = Release|Any CPU
		{E3F51E7C-3AFD-B2CC-1376-E15A6E5B24E2}.Release|Any CPU.Build.0 = Release|Any CPU
		{555DF34A-202D-DEDC-BA46-2F150523A7D7}.Debug|Any CPU.ActiveCfg = Debug|Any CPU
		{555DF34A-202D-DEDC-BA46-2F150523A7D7}.Debug|Any CPU.Build.0 = Debug|Any CPU
		{555DF34A-202D-DEDC-BA46-2F150523A7D7}.Release|Any CPU.ActiveCfg = Release|Any CPU
		{555DF34A-202D-DEDC-BA46-2F150523A7D7}.Release|Any CPU.Build.0 = Release|Any CPU
		{315F55D3-8636-54D4-0AB9-B03B2CC28C3F}.Debug|Any CPU.ActiveCfg = Debug|Any CPU
		{315F55D3-8636-54D4-0AB9-B03B2CC28C3F}.Debug|Any CPU.Build.0 = Debug|Any CPU
		{315F55D3-8636-54D4-0AB9-B03B2CC28C3F}.Release|Any CPU.ActiveCfg = Release|Any CPU
		{315F55D3-8636-54D4-0AB9-B03B2CC28C3F}.Release|Any CPU.Build.0 = Release|Any CPU
		{EC5A2D2F-11ED-873B-CB1D-E194F2BE54EC}.Debug|Any CPU.ActiveCfg = Debug|Any CPU
		{EC5A2D2F-11ED-873B-CB1D-E194F2BE54EC}.Debug|Any CPU.Build.0 = Debug|Any CPU
		{EC5A2D2F-11ED-873B-CB1D-E194F2BE54EC}.Release|Any CPU.ActiveCfg = Release|Any CPU
		{EC5A2D2F-11ED-873B-CB1D-E194F2BE54EC}.Release|Any CPU.Build.0 = Release|Any CPU
	EndGlobalSection
	GlobalSection(SolutionProperties) = preSolution
		HideSolutionNode = FALSE
	EndGlobalSection
EndGlobal
